
Microsoft Visual Studio Solution File, Format Version 12.00
# Visual Studio Version 16
VisualStudioVersion = 16.0.30611.23
MinimumVisualStudioVersion = 10.0.40219.1
Project("{FAE04EC0-301F-11D3-BF4B-00C04F79EFBC}") = "Heasblayici", "Heasblayici\Heasblayici.csproj", "{9E30E357-38E3-43F5-925E-239DC58810A7}"
EndProject
Global
	GlobalSection(SolutionConfigurationPlatforms) = preSolution
		Debug|Any CPU = Debug|Any CPU
		Release|Any CPU = Release|Any CPU
	EndGlobalSection
	GlobalSection(ProjectConfigurationPlatforms) = postSolution
		{9E30E357-38E3-43F5-925E-239DC58810A7}.Debug|Any CPU.ActiveCfg = Debug|Any CPU
		{9E30E357-38E3-43F5-925E-239DC58810A7}.Debug|Any CPU.Build.0 = Debug|Any CPU
		{9E30E357-38E3-43F5-925E-239DC58810A7}.Release|Any CPU.ActiveCfg = Release|Any CPU
		{9E30E357-38E3-43F5-925E-239DC58810A7}.Release|Any CPU.Build.0 = Release|Any CPU
	EndGlobalSection
	GlobalSection(SolutionProperties) = preSolution
		HideSolutionNode = FALSE
	EndGlobalSection
	GlobalSection(ExtensibilityGlobals) = postSolution
		SolutionGuid = {37B9EDD1-9B69-49E0-A2BF-A47AA02ED8E2}
	EndGlobalSection
EndGlobal
